{
  "version": 4,
  "terraform_version": "1.1.0",
  "serial": 2,
  "lineage": "183c39ec-b4db-a313-9c10-42d97aa1647d",
  "outputs": {},
  "resources": [
    {
      "module": "module.hero_ingress_module",
      "mode": "managed",
      "type": "kubernetes_ingress",
      "name": "example-ingress",
      "provider": "provider[\"registry.terraform.io/hashicorp/kubernetes\"]",
      "instances": [
        {
          "schema_version": 1,
          "attributes": {
            "id": "default/hero-ingress",
            "metadata": [
              {
                "annotations": {},
                "generate_name": "",
                "generation": 1,
                "labels": {},
                "name": "hero-ingress",
                "namespace": "default",
                "resource_version": "80331",
                "uid": "45873065-f7ef-46fb-8818-7f67be7db9a2"
              }
            ],
            "spec": [
              {
                "backend": [
                  {
                    "service_name": "hero-v1-svc",
                    "service_port": "443"
                  }
                ],
                "ingress_class_name": "",
                "rule": [
                  {
                    "host": "",
                    "http": [
                      {
                        "path": [
                          {
                            "backend": [
                              {
                                "service_name": "hero-v1-svc",
                                "service_port": "443"
                              }
                            ],
                            "path": "/v1/*"
                          },
                          {
                            "backend": [
                              {
                                "service_name": "hero-b-svc",
                                "service_port": "443"
                              }
                            ],
                            "path": "/v2/*"
                          },
                          {
                            "backend": [
                              {
                                "service_name": "hero-v1-svc",
                                "service_port": "8443"
                              }
                            ],
                            "path": "/*"
                          }
                        ]
                      }
                    ]
                  }
                ],
                "tls": []
              }
            ],
            "status": [
              {
                "load_balancer": [
                  {
                    "ingress": []
                  }
                ]
              }
            ],
            "wait_for_load_balancer": null
          },
          "sensitive_attributes": [],
          "private": "eyJzY2hlbWFfdmVyc2lvbiI6IjEifQ=="
        }
      ]
    }
  ]
}
